
Microsoft Visual Studio Solution File, Format Version 12.00
# Visual Studio Version 17
VisualStudioVersion = 17.6.33723.286
MinimumVisualStudioVersion = 10.0.40219.1
Project("{FAE04EC0-301F-11D3-BF4B-00C04F79EFBC}") = "SSNurseCore5", "SSNurseCore5.csproj", "{1981177A-03E7-4C51-A86D-3AE4E17C4CD1}"
EndProject
Global
	GlobalSection(SolutionConfigurationPlatforms) = preSolution
		Debug|Any CPU = Debug|Any CPU
		Release|Any CPU = Release|Any CPU
	EndGlobalSection
	GlobalSection(ProjectConfigurationPlatforms) = postSolution
		{1981177A-03E7-4C51-A86D-3AE4E17C4CD1}.Debug|Any CPU.ActiveCfg = Debug|Any CPU
		{1981177A-03E7-4C51-A86D-3AE4E17C4CD1}.Debug|Any CPU.Build.0 = Debug|Any CPU
		{1981177A-03E7-4C51-A86D-3AE4E17C4CD1}.Release|Any CPU.ActiveCfg = Release|Any CPU
		{1981177A-03E7-4C51-A86D-3AE4E17C4CD1}.Release|Any CPU.Build.0 = Release|Any CPU
	EndGlobalSection
	GlobalSection(SolutionProperties) = preSolution
		HideSolutionNode = FALSE
	EndGlobalSection
	GlobalSection(ExtensibilityGlobals) = postSolution
		SolutionGuid = {18C9E9B3-9CD9-4351-AAD8-235264843CFB}
	EndGlobalSection
EndGlobal
